
Microsoft Visual Studio Solution File, Format Version 12.00
# Visual Studio Version 16
VisualStudioVersion = 16.0.29613.14
MinimumVisualStudioVersion = 10.0.40219.1
Project("{FAE04EC0-301F-11D3-BF4B-00C04F79EFBC}") = "MusicToken", "MusicToken\MusicToken.csproj", "{EA283BB0-6D26-45B2-923D-3B33829B068F}"
EndProject
Global
	GlobalSection(SolutionConfigurationPlatforms) = preSolution
		Debug|Any CPU = Debug|Any CPU
		Release|Any CPU = Release|Any CPU
	EndGlobalSection
	GlobalSection(ProjectConfigurationPlatforms) = postSolution
		{EA283BB0-6D26-45B2-923D-3B33829B068F}.Debug|Any CPU.ActiveCfg = Debug|Any CPU
		{EA283BB0-6D26-45B2-923D-3B33829B068F}.Debug|Any CPU.Build.0 = Debug|Any CPU
		{EA283BB0-6D26-45B2-923D-3B33829B068F}.Release|Any CPU.ActiveCfg = Release|Any CPU
		{EA283BB0-6D26-45B2-923D-3B33829B068F}.Release|Any CPU.Build.0 = Release|Any CPU
	EndGlobalSection
	GlobalSection(SolutionProperties) = preSolution
		HideSolutionNode = FALSE
	EndGlobalSection
	GlobalSection(ExtensibilityGlobals) = postSolution
		SolutionGuid = {BE498061-DEA1-49A5-B2F5-3D853174D0A2}
	EndGlobalSection
EndGlobal
